
Microsoft Visual Studio Solution File, Format Version 12.00
# Visual Studio Version 17
VisualStudioVersion = 17.11.35208.52
MinimumVisualStudioVersion = 10.0.40219.1
Project("{FAE04EC0-301F-11D3-BF4B-00C04F79EFBC}") = "Client", "Client\Client.csproj", "{CF7F1C75-F3D8-47B1-B930-4B216CA907F8}"
EndProject
Project("{FAE04EC0-301F-11D3-BF4B-00C04F79EFBC}") = "WebApi", "WebApi\WebApi.csproj", "{36A90E39-A315-4051-88B1-3F223BAD35E1}"
EndProject
Project("{2150E333-8FDC-42A3-9474-1A3956D46DE8}") = "Driver", "Driver", "{7A9FF43B-3A61-4C03-BD62-2329DBF49D28}"
EndProject
Project("{9A19103F-16F7-4668-BE54-9A1E7A4F7556}") = "Cassandra.OpenTelemetry", "..\..\..\..\Datastax\csharp-driver\src\Extensions\Cassandra.OpenTelemetry\Cassandra.OpenTelemetry.csproj", "{9694D20E-D5DB-48EF-8E3E-8FB75706FFB5}"
EndProject
Project("{9A19103F-16F7-4668-BE54-9A1E7A4F7556}") = "Cassandra", "..\..\..\..\Datastax\csharp-driver\src\Cassandra\Cassandra.csproj", "{E996B309-246D-4B21-89C6-3164AA08A133}"
EndProject
Global
	GlobalSection(SolutionConfigurationPlatforms) = preSolution
		Debug|Any CPU = Debug|Any CPU
		Release|Any CPU = Release|Any CPU
	EndGlobalSection
	GlobalSection(ProjectConfigurationPlatforms) = postSolution
		{CF7F1C75-F3D8-47B1-B930-4B216CA907F8}.Debug|Any CPU.ActiveCfg = Debug|Any CPU
		{CF7F1C75-F3D8-47B1-B930-4B216CA907F8}.Debug|Any CPU.Build.0 = Debug|Any CPU
		{CF7F1C75-F3D8-47B1-B930-4B216CA907F8}.Release|Any CPU.ActiveCfg = Release|Any CPU
		{CF7F1C75-F3D8-47B1-B930-4B216CA907F8}.Release|Any CPU.Build.0 = Release|Any CPU
		{36A90E39-A315-4051-88B1-3F223BAD35E1}.Debug|Any CPU.ActiveCfg = Debug|Any CPU
		{36A90E39-A315-4051-88B1-3F223BAD35E1}.Debug|Any CPU.Build.0 = Debug|Any CPU
		{36A90E39-A315-4051-88B1-3F223BAD35E1}.Release|Any CPU.ActiveCfg = Release|Any CPU
		{36A90E39-A315-4051-88B1-3F223BAD35E1}.Release|Any CPU.Build.0 = Release|Any CPU
		{9694D20E-D5DB-48EF-8E3E-8FB75706FFB5}.Debug|Any CPU.ActiveCfg = Debug|Any CPU
		{9694D20E-D5DB-48EF-8E3E-8FB75706FFB5}.Debug|Any CPU.Build.0 = Debug|Any CPU
		{9694D20E-D5DB-48EF-8E3E-8FB75706FFB5}.Release|Any CPU.ActiveCfg = Release|Any CPU
		{9694D20E-D5DB-48EF-8E3E-8FB75706FFB5}.Release|Any CPU.Build.0 = Release|Any CPU
		{E996B309-246D-4B21-89C6-3164AA08A133}.Debug|Any CPU.ActiveCfg = Debug|Any CPU
		{E996B309-246D-4B21-89C6-3164AA08A133}.Debug|Any CPU.Build.0 = Debug|Any CPU
		{E996B309-246D-4B21-89C6-3164AA08A133}.Release|Any CPU.ActiveCfg = Release|Any CPU
		{E996B309-246D-4B21-89C6-3164AA08A133}.Release|Any CPU.Build.0 = Release|Any CPU
	EndGlobalSection
	GlobalSection(SolutionProperties) = preSolution
		HideSolutionNode = FALSE
	EndGlobalSection
	GlobalSection(NestedProjects) = preSolution
		{9694D20E-D5DB-48EF-8E3E-8FB75706FFB5} = {7A9FF43B-3A61-4C03-BD62-2329DBF49D28}
		{E996B309-246D-4B21-89C6-3164AA08A133} = {7A9FF43B-3A61-4C03-BD62-2329DBF49D28}
	EndGlobalSection
	GlobalSection(ExtensibilityGlobals) = postSolution
		SolutionGuid = {154620F9-3228-419D-B924-6559188393A3}
	EndGlobalSection
EndGlobal
